{
  "current_commit": "46fba711736324f0c19bbc335664ffbb6a8cea55",
  "working_tree_dirty": true,
  "generated_at": "2026-08-12T09:10:31Z",
  "scanned_scope": [
    "."
  ],
  "excluded_directories": [
    ".cache",
    ".git",
    ".hg",
    ".next",
    ".nuxt",
    ".scratch",
    ".svn",
    ".turbo",
    ".venv",
    "__pycache__",
    "build",
    "coverage",
    "dist",
    "docs/codemap",
    "generated",
    "logs",
    "node_modules",
    "out",
    "src-tauri/target",
    "target",
    "vendor",
    "venv"
  ],
  "fingerprint_algorithm": "sha256-path-content-v1",
  "modules": [
    {
      "id": ".",
      "path": ".",
      "file_count": 10,
      "fingerprint": "070ef52a034c0e533924935cc45bab5d7b20a940cf0e46bc46211630cbb51bde"
    },
    {
      "id": ".github",
      "path": ".github",
      "file_count": 1,
      "fingerprint": "b5906aa9b084e5d760810c98d1175011c1b84b6feb63c7370c9f4b20ddb15278"
    },
    {
      "id": ".vscode",
      "path": ".vscode",
      "file_count": 2,
      "fingerprint": "78393b17c0d78ef995e6cb4c610c9b936d81bfcc370c8067bbc6ce6a73614cd5"
    },
    {
      "id": "assets",
      "path": "assets",
      "file_count": 1,
      "fingerprint": "cad9ea1866c9f654fd595f9c804c3da2b74cbb6a950e427a719ab62181d14b26"
    },
    {
      "id": "docs",
      "path": "docs",
      "file_count": 102,
      "fingerprint": "68b5cbd23de50e8157e564c90b6cbe3219636bf490f37c570c1f70ce4da1812e"
    },
    {
      "id": "src",
      "path": "src",
      "file_count": 64,
      "fingerprint": "62f59012273997c19c706305cd5445f64dfe590d23ae6291cff0ac6ad53f7ff8"
    },
    {
      "id": "src-tauri",
      "path": "src-tauri",
      "file_count": 29,
      "fingerprint": "7aa17c0bd88f56657d194a6cf06eaccad655577cc3c0b5242c3ce81b07e83a90"
    },
    {
      "id": "tests",
      "path": "tests",
      "file_count": 13,
      "fingerprint": "5e32e66a7a1a5caae2e69b55145aa33184647470d6f3ea22a1882c2c2cd47ce4"
    }
  ]
}
