{
  "source_commit": "f1b10cc587c5e850ad7a4966514b8b9d876454bb",
  "working_tree_dirty": true,
  "generated_at": "2026-08-15T09:32:04Z",
  "scanned_scope": [
    "."
  ],
  "excluded_directories": [
    ".cache",
    ".git",
    ".hg",
    ".next",
    ".nuxt",
    ".scratch",
    ".svn",
    ".turbo",
    ".venv",
    "__pycache__",
    "build",
    "coverage",
    "dist",
    "docs/codemap",
    "generated",
    "logs",
    "node_modules",
    "out",
    "src-tauri/target",
    "target",
    "vendor",
    "venv"
  ],
  "fingerprint_algorithm": "sha256-path-content-v1",
  "modules": [
    {
      "id": ".",
      "path": ".",
      "file_count": 10,
      "fingerprint": "9558f0a6f631903ba6ffc8fc243e20860ae5640db6ed1afbf170566a32b53314"
    },
    {
      "id": ".github",
      "path": ".github",
      "file_count": 1,
      "fingerprint": "45f812949fa17c8cf4322bf3660d3727442df0a9a1e19e688cebc1a693d19820"
    },
    {
      "id": ".vscode",
      "path": ".vscode",
      "file_count": 2,
      "fingerprint": "78393b17c0d78ef995e6cb4c610c9b936d81bfcc370c8067bbc6ce6a73614cd5"
    },
    {
      "id": "assets",
      "path": "assets",
      "file_count": 1,
      "fingerprint": "cad9ea1866c9f654fd595f9c804c3da2b74cbb6a950e427a719ab62181d14b26"
    },
    {
      "id": "docs",
      "path": "docs",
      "file_count": 105,
      "fingerprint": "3c3f6217c51ed08a0d3ea8db111f9b0a7fd962f425727a4c6886f103610c0f9f"
    },
    {
      "id": "src",
      "path": "src",
      "file_count": 64,
      "fingerprint": "ba5b15c6091c221ac2fc3ebd690fca415f8c70b030e97a8a4aa44c546a72a3dd"
    },
    {
      "id": "src-tauri",
      "path": "src-tauri",
      "file_count": 29,
      "fingerprint": "cf546be06e21d4a873c3babb42c52ef9467e4b456a46245a75b62828a93eac1c"
    },
    {
      "id": "tests",
      "path": "tests",
      "file_count": 13,
      "fingerprint": "f5cbb1de6ac55cc354315590c93f0314b4b93738de7ac830c8d340fcb27cf395"
    }
  ]
}
